// !$*UTF8*$!
{
	archiveVersion = 1;
	classes = {
	};
	objectVersion = 54;
	objects = {

/* Begin PBXBuildFile section */
		00E356F31AD99517003FC87E /* whistleappTests.m in Sources */ = {isa = PBXBuildFile; fileRef = 00E356F21AD99517003FC87E /* whistleappTests.m */; };
		013F7A5CED0D4C9CB2E79E69 /* GemunuLibre-ExtraLight.ttf in Resources */ = {isa = PBXBuildFile; fileRef = 336242BC5BDB4DE89421834A /* GemunuLibre-ExtraLight.ttf */; };
		13B07FBC1A68108700A75B9A /* AppDelegate.mm in Sources */ = {isa = PBXBuildFile; fileRef = 13B07FB01A68108700A75B9A /* AppDelegate.mm */; };
		13B07FBF1A68108700A75B9A /* Images.xcassets in Resources */ = {isa = PBXBuildFile; fileRef = 13B07FB51A68108700A75B9A /* Images.xcassets */; };
		13B07FC11A68108700A75B9A /* main.m in Sources */ = {isa = PBXBuildFile; fileRef = 13B07FB71A68108700A75B9A /* main.m */; };
		146615298355477A923A6F5C /* GemunuLibre-Medium.ttf in Resources */ = {isa = PBXBuildFile; fileRef = 492E4A47EAD24C4083389A54 /* GemunuLibre-Medium.ttf */; };
		38AACBDFDDF9A36226711927 /* libPods-OneSignalNotificationServiceExtension.a in Frameworks */ = {isa = PBXBuildFile; fileRef = 38BF864666355B5BAB0E7446 /* libPods-OneSignalNotificationServiceExtension.a */; };
		4007EF8A0E274151B38F43E9 /* GemunuLibre-SemiBold.ttf in Resources */ = {isa = PBXBuildFile; fileRef = 7493B28CE8894557BC4343C4 /* GemunuLibre-SemiBold.ttf */; };
		5C9FCDC22F62FF25266F1DC0 /* libPods-whistleapp.a in Frameworks */ = {isa = PBXBuildFile; fileRef = BF89B307DDC9A579ED0C2B2E /* libPods-whistleapp.a */; };
		5D116EEA28654CF400BE44D5 /* GemunuLibre-VariableFont_wght.ttf in Resources */ = {isa = PBXBuildFile; fileRef = 5D116EE828654BBC00BE44D5 /* GemunuLibre-VariableFont_wght.ttf */; };
		5D212398288671D000034C56 /* NotificationService.swift in Sources */ = {isa = PBXBuildFile; fileRef = 5D212397288671D000034C56 /* NotificationService.swift */; };
		5D21239C288671D100034C56 /* OneSignalNotificationServiceExtension.appex in Embed App Extensions */ = {isa = PBXBuildFile; fileRef = 5D212395288671CF00034C56 /* OneSignalNotificationServiceExtension.appex */; settings = {ATTRIBUTES = (RemoveHeadersOnCopy, ); }; };
		5DC0BC782874477E00E44A5A /* WorkSans-Black.ttf in Resources */ = {isa = PBXBuildFile; fileRef = E15029FBC4D346B5A4B1D8E7 /* WorkSans-Black.ttf */; };
		5DC0BC792874477E00E44A5A /* WorkSans-BlackItalic.ttf in Resources */ = {isa = PBXBuildFile; fileRef = 843A92631AEA49B2A6856CAA /* WorkSans-BlackItalic.ttf */; };
		5DC0BC7A2874477E00E44A5A /* WorkSans-Bold.ttf in Resources */ = {isa = PBXBuildFile; fileRef = E6FFB2842D064675A2CECBFD /* WorkSans-Bold.ttf */; };
		5DC0BC7B2874477E00E44A5A /* WorkSans-BoldItalic.ttf in Resources */ = {isa = PBXBuildFile; fileRef = 352402F0863A4A29AD26685B /* WorkSans-BoldItalic.ttf */; };
		5DC0BC7C2874477E00E44A5A /* WorkSans-ExtraBold.ttf in Resources */ = {isa = PBXBuildFile; fileRef = 0DC5289113ED487691B5791A /* WorkSans-ExtraBold.ttf */; };
		5DC0BC7D2874477E00E44A5A /* WorkSans-ExtraBoldItalic.ttf in Resources */ = {isa = PBXBuildFile; fileRef = 0A0E18570AA6477D85324818 /* WorkSans-ExtraBoldItalic.ttf */; };
		5DC0BC7E2874477E00E44A5A /* WorkSans-ExtraLight.ttf in Resources */ = {isa = PBXBuildFile; fileRef = 56957FCAB3AA4241A94AFDC9 /* WorkSans-ExtraLight.ttf */; };
		5DC0BC7F2874477E00E44A5A /* WorkSans-ExtraLightItalic.ttf in Resources */ = {isa = PBXBuildFile; fileRef = 1B7EFFE72A6540989B3E12D3 /* WorkSans-ExtraLightItalic.ttf */; };
		5DC0BC802874477E00E44A5A /* WorkSans-Italic.ttf in Resources */ = {isa = PBXBuildFile; fileRef = D79174A12A6E4F57BEC5009D /* WorkSans-Italic.ttf */; };
		5DC0BC812874477E00E44A5A /* WorkSans-Light.ttf in Resources */ = {isa = PBXBuildFile; fileRef = 65DA4F3907954AF1B02E6C2E /* WorkSans-Light.ttf */; };
		5DC0BC822874477E00E44A5A /* WorkSans-LightItalic.ttf in Resources */ = {isa = PBXBuildFile; fileRef = B8E77BA495E64754AE96683A /* WorkSans-LightItalic.ttf */; };
		5DC0BC832874477E00E44A5A /* WorkSans-Medium.ttf in Resources */ = {isa = PBXBuildFile; fileRef = 9395727E992C4A9FBB7D3403 /* WorkSans-Medium.ttf */; };
		5DC0BC842874477E00E44A5A /* WorkSans-MediumItalic.ttf in Resources */ = {isa = PBXBuildFile; fileRef = D68BCF2D186F4BFC994DB166 /* WorkSans-MediumItalic.ttf */; };
		5DC0BC852874477E00E44A5A /* WorkSans-Regular.ttf in Resources */ = {isa = PBXBuildFile; fileRef = 53FEA30B77F54207821FCE9E /* WorkSans-Regular.ttf */; };
		5DC0BC862874477E00E44A5A /* WorkSans-SemiBold.ttf in Resources */ = {isa = PBXBuildFile; fileRef = C2E8226ABDC048399153E896 /* WorkSans-SemiBold.ttf */; };
		5DC0BC872874477E00E44A5A /* WorkSans-SemiBoldItalic.ttf in Resources */ = {isa = PBXBuildFile; fileRef = 923C0EAF4AB542DFAFBBBB54 /* WorkSans-SemiBoldItalic.ttf */; };
		5DC0BC882874477E00E44A5A /* WorkSans-Thin.ttf in Resources */ = {isa = PBXBuildFile; fileRef = DD37F9540D5544EFB50CB49A /* WorkSans-Thin.ttf */; };
		5DC0BC892874477E00E44A5A /* WorkSans-ThinItalic.ttf in Resources */ = {isa = PBXBuildFile; fileRef = 92605E13A64540EBB955498D /* WorkSans-ThinItalic.ttf */; };
		5DC0BC8A2874477E00E44A5A /* WorkSans-Italic-VariableFont_wght.ttf in Resources */ = {isa = PBXBuildFile; fileRef = E0FA7F1E9DC048269F6C9B50 /* WorkSans-Italic-VariableFont_wght.ttf */; };
		5DC0BC8B2874477E00E44A5A /* WorkSans-VariableFont_wght.ttf in Resources */ = {isa = PBXBuildFile; fileRef = 1F38547299AB4584A3C0A6BC /* WorkSans-VariableFont_wght.ttf */; };
		6FB53167F8A74AA7856C7716 /* GemunuLibre-ExtraBold.ttf in Resources */ = {isa = PBXBuildFile; fileRef = 0F462B3C69CA46AB9093EE66 /* GemunuLibre-ExtraBold.ttf */; };
		81AB9BB82411601600AC10FF /* LaunchScreen.storyboard in Resources */ = {isa = PBXBuildFile; fileRef = 81AB9BB72411601600AC10FF /* LaunchScreen.storyboard */; };
		85D0A0A87F28423C9747A9A2 /* GemunuLibre-VariableFont_wght.ttf in Resources */ = {isa = PBXBuildFile; fileRef = 66104AE324D54388A41DDE56 /* GemunuLibre-VariableFont_wght.ttf */; };
		9FBF2085149B1401A843491B /* libPods-whistleapp-whistleappTests.a in Frameworks */ = {isa = PBXBuildFile; fileRef = E06532B908F583ACDF2ED305 /* libPods-whistleapp-whistleappTests.a */; };
		A0DC3C5049BE41F78B652584 /* GemunuLibre-Regular.ttf in Resources */ = {isa = PBXBuildFile; fileRef = 4C6A130F6560462F80254855 /* GemunuLibre-Regular.ttf */; };
		E2F432376B484EBD92BF5C7E /* GemunuLibre-Light.ttf in Resources */ = {isa = PBXBuildFile; fileRef = 0A6DDDEED34C4ABB87E5ED54 /* GemunuLibre-Light.ttf */; };
		E3D86FE861CF45348E567CB5 /* GemunuLibre-Bold.ttf in Resources */ = {isa = PBXBuildFile; fileRef = 24EF80F9338741D89822CC53 /* GemunuLibre-Bold.ttf */; };
/* End PBXBuildFile section */

/* Begin PBXContainerItemProxy section */
		00E356F41AD99517003FC87E /* PBXContainerItemProxy */ = {
			isa = PBXContainerItemProxy;
			containerPortal = 83CBB9F71A601CBA00E9B192 /* Project object */;
			proxyType = 1;
			remoteGlobalIDString = 13B07F861A680F5B00A75B9A;
			remoteInfo = whistleapp;
		};
		5D21239A288671D100034C56 /* PBXContainerItemProxy */ = {
			isa = PBXContainerItemProxy;
			containerPortal = 83CBB9F71A601CBA00E9B192 /* Project object */;
			proxyType = 1;
			remoteGlobalIDString = 5D212394288671CF00034C56;
			remoteInfo = OneSignalNotificationServiceExtension;
		};
/* End PBXContainerItemProxy section */

/* Begin PBXCopyFilesBuildPhase section */
		5D2123A0288671D100034C56 /* Embed App Extensions */ = {
			isa = PBXCopyFilesBuildPhase;
			buildActionMask = 2147483647;
			dstPath = "";
			dstSubfolderSpec = 13;
			files = (
				5D21239C288671D100034C56 /* OneSignalNotificationServiceExtension.appex in Embed App Extensions */,
			);
			name = "Embed App Extensions";
			runOnlyForDeploymentPostprocessing = 0;
		};
/* End PBXCopyFilesBuildPhase section */

/* Begin PBXFileReference section */
		00E356EE1AD99517003FC87E /* whistleappTests.xctest */ = {isa = PBXFileReference; explicitFileType = wrapper.cfbundle; includeInIndex = 0; path = whistleappTests.xctest; sourceTree = BUILT_PRODUCTS_DIR; };
		00E356F11AD99517003FC87E /* Info.plist */ = {isa = PBXFileReference; lastKnownFileType = text.plist.xml; path = Info.plist; sourceTree = "<group>"; };
		00E356F21AD99517003FC87E /* whistleappTests.m */ = {isa = PBXFileReference; lastKnownFileType = sourcecode.c.objc; path = whistleappTests.m; sourceTree = "<group>"; };
		07474C110B6A4C18ACA2DF8D /* WorkSans-LightItalic.ttf */ = {isa = PBXFileReference; explicitFileType = undefined; fileEncoding = 9; includeInIndex = 0; lastKnownFileType = unknown; name = "WorkSans-LightItalic.ttf"; path = "../assets/fonts/WorkSans-LightItalic.ttf"; sourceTree = "<group>"; };
		0A0E18570AA6477D85324818 /* WorkSans-ExtraBoldItalic.ttf */ = {isa = PBXFileReference; explicitFileType = undefined; fileEncoding = 9; includeInIndex = 0; lastKnownFileType = unknown; name = "WorkSans-ExtraBoldItalic.ttf"; path = "../assets/fonts/Work_Sans/static/WorkSans-ExtraBoldItalic.ttf"; sourceTree = "<group>"; };
		0A6DDDEED34C4ABB87E5ED54 /* GemunuLibre-Light.ttf */ = {isa = PBXFileReference; explicitFileType = undefined; fileEncoding = 9; includeInIndex = 0; lastKnownFileType = unknown; name = "GemunuLibre-Light.ttf"; path = "../assets/fonts/Gemunu_Libre (1)/static/GemunuLibre-Light.ttf"; sourceTree = "<group>"; };
		0B08BDF0BD1D4DFEA2965827 /* WorkSans-ThinItalic.ttf */ = {isa = PBXFileReference; explicitFileType = undefined; fileEncoding = 9; includeInIndex = 0; lastKnownFileType = unknown; name = "WorkSans-ThinItalic.ttf"; path = "../assets/fonts/static/WorkSans-ThinItalic.ttf"; sourceTree = "<group>"; };
		0DC5289113ED487691B5791A /* WorkSans-ExtraBold.ttf */ = {isa = PBXFileReference; explicitFileType = undefined; fileEncoding = 9; includeInIndex = 0; lastKnownFileType = unknown; name = "WorkSans-ExtraBold.ttf"; path = "../assets/fonts/Work_Sans/static/WorkSans-ExtraBold.ttf"; sourceTree = "<group>"; };
		0F462B3C69CA46AB9093EE66 /* GemunuLibre-ExtraBold.ttf */ = {isa = PBXFileReference; explicitFileType = undefined; fileEncoding = 9; includeInIndex = 0; lastKnownFileType = unknown; name = "GemunuLibre-ExtraBold.ttf"; path = "../assets/fonts/Gemunu_Libre (1)/static/GemunuLibre-ExtraBold.ttf"; sourceTree = "<group>"; };
		13B07F961A680F5B00A75B9A /* whistleapp.app */ = {isa = PBXFileReference; explicitFileType = wrapper.application; includeInIndex = 0; path = whistleapp.app; sourceTree = BUILT_PRODUCTS_DIR; };
		13B07FAF1A68108700A75B9A /* AppDelegate.h */ = {isa = PBXFileReference; fileEncoding = 4; lastKnownFileType = sourcecode.c.h; name = AppDelegate.h; path = whistleapp/AppDelegate.h; sourceTree = "<group>"; };
		13B07FB01A68108700A75B9A /* AppDelegate.mm */ = {isa = PBXFileReference; fileEncoding = 4; lastKnownFileType = sourcecode.cpp.objcpp; name = AppDelegate.mm; path = whistleapp/AppDelegate.mm; sourceTree = "<group>"; };
		13B07FB51A68108700A75B9A /* Images.xcassets */ = {isa = PBXFileReference; lastKnownFileType = folder.assetcatalog; name = Images.xcassets; path = whistleapp/Images.xcassets; sourceTree = "<group>"; };
		13B07FB61A68108700A75B9A /* Info.plist */ = {isa = PBXFileReference; fileEncoding = 4; lastKnownFileType = text.plist.xml; name = Info.plist; path = whistleapp/Info.plist; sourceTree = "<group>"; };
		13B07FB71A68108700A75B9A /* main.m */ = {isa = PBXFileReference; fileEncoding = 4; lastKnownFileType = sourcecode.c.objc; name = main.m; path = whistleapp/main.m; sourceTree = "<group>"; };
		16AD19BBB7E947588BB9E531 /* WorkSans-Medium.ttf */ = {isa = PBXFileReference; explicitFileType = undefined; fileEncoding = 9; includeInIndex = 0; lastKnownFileType = unknown; name = "WorkSans-Medium.ttf"; path = "../assets/fonts/static/WorkSans-Medium.ttf"; sourceTree = "<group>"; };
		16E7D9C49D784D61B62F559C /* WorkSans-Bold.ttf */ = {isa = PBXFileReference; explicitFileType = undefined; fileEncoding = 9; includeInIndex = 0; lastKnownFileType = unknown; name = "WorkSans-Bold.ttf"; path = "../assets/fonts/WorkSans-Bold.ttf"; sourceTree = "<group>"; };
		18AAB0D2222246578AEB1836 /* WorkSans-VariableFont_wght.ttf */ = {isa = PBXFileReference; explicitFileType = undefined; fileEncoding = 9; includeInIndex = 0; lastKnownFileType = unknown; name = "WorkSans-VariableFont_wght.ttf"; path = "../assets/fonts/WorkSans-VariableFont_wght.ttf"; sourceTree = "<group>"; };
		19B91EF4D3BA464C9EBFBD57 /* WorkSans-ThinItalic.ttf */ = {isa = PBXFileReference; explicitFileType = undefined; fileEncoding = 9; includeInIndex = 0; lastKnownFileType = unknown; name = "WorkSans-ThinItalic.ttf"; path = "../assets/fonts/WorkSans-ThinItalic.ttf"; sourceTree = "<group>"; };
		19C2C7E6267C4631A2486353 /* WorkSans-ExtraBoldItalic.ttf */ = {isa = PBXFileReference; explicitFileType = undefined; fileEncoding = 9; includeInIndex = 0; lastKnownFileType = unknown; name = "WorkSans-ExtraBoldItalic.ttf"; path = "../assets/fonts/static/WorkSans-ExtraBoldItalic.ttf"; sourceTree = "<group>"; };
		1B7EFFE72A6540989B3E12D3 /* WorkSans-ExtraLightItalic.ttf */ = {isa = PBXFileReference; explicitFileType = undefined; fileEncoding = 9; includeInIndex = 0; lastKnownFileType = unknown; name = "WorkSans-ExtraLightItalic.ttf"; path = "../assets/fonts/Work_Sans/static/WorkSans-ExtraLightItalic.ttf"; sourceTree = "<group>"; };
		1D9BE18AA93B426B98016F71 /* WorkSans-ExtraLight.ttf */ = {isa = PBXFileReference; explicitFileType = undefined; fileEncoding = 9; includeInIndex = 0; lastKnownFileType = unknown; name = "WorkSans-ExtraLight.ttf"; path = "../assets/fonts/WorkSans-ExtraLight.ttf"; sourceTree = "<group>"; };
		1F38547299AB4584A3C0A6BC /* WorkSans-VariableFont_wght.ttf */ = {isa = PBXFileReference; explicitFileType = undefined; fileEncoding = 9; includeInIndex = 0; lastKnownFileType = unknown; name = "WorkSans-VariableFont_wght.ttf"; path = "../assets/fonts/Work_Sans/WorkSans-VariableFont_wght.ttf"; sourceTree = "<group>"; };
		227440344699405A91189848 /* WorkSans-SemiBold.ttf */ = {isa = PBXFileReference; explicitFileType = undefined; fileEncoding = 9; includeInIndex = 0; lastKnownFileType = unknown; name = "WorkSans-SemiBold.ttf"; path = "../assets/fonts/WorkSans-SemiBold.ttf"; sourceTree = "<group>"; };
		24EF80F9338741D89822CC53 /* GemunuLibre-Bold.ttf */ = {isa = PBXFileReference; explicitFileType = undefined; fileEncoding = 9; includeInIndex = 0; lastKnownFileType = unknown; name = "GemunuLibre-Bold.ttf"; path = "../assets/fonts/Gemunu_Libre (1)/static/GemunuLibre-Bold.ttf"; sourceTree = "<group>"; };
		2FCF0DC8CEA4440E95F9BC3A /* WorkSans-Thin.ttf */ = {isa = PBXFileReference; explicitFileType = undefined; fileEncoding = 9; includeInIndex = 0; lastKnownFileType = unknown; name = "WorkSans-Thin.ttf"; path = "../assets/fonts/static/WorkSans-Thin.ttf"; sourceTree = "<group>"; };
		3225A6FF9364488AAE4630CE /* WorkSans-Black.ttf */ = {isa = PBXFileReference; explicitFileType = undefined; fileEncoding = 9; includeInIndex = 0; lastKnownFileType = unknown; name = "WorkSans-Black.ttf"; path = "../assets/fonts/static/WorkSans-Black.ttf"; sourceTree = "<group>"; };
		336242BC5BDB4DE89421834A /* GemunuLibre-ExtraLight.ttf */ = {isa = PBXFileReference; explicitFileType = undefined; fileEncoding = 9; includeInIndex = 0; lastKnownFileType = unknown; name = "GemunuLibre-ExtraLight.ttf"; path = "../assets/fonts/Gemunu_Libre (1)/static/GemunuLibre-ExtraLight.ttf"; sourceTree = "<group>"; };
		352402F0863A4A29AD26685B /* WorkSans-BoldItalic.ttf */ = {isa = PBXFileReference; explicitFileType = undefined; fileEncoding = 9; includeInIndex = 0; lastKnownFileType = unknown; name = "WorkSans-BoldItalic.ttf"; path = "../assets/fonts/Work_Sans/static/WorkSans-BoldItalic.ttf"; sourceTree = "<group>"; };
		38BF864666355B5BAB0E7446 /* libPods-OneSignalNotificationServiceExtension.a */ = {isa = PBXFileReference; explicitFileType = archive.ar; includeInIndex = 0; path = "libPods-OneSignalNotificationServiceExtension.a"; sourceTree = BUILT_PRODUCTS_DIR; };
		3BD874E21FB74A2182BCE8FA /* WorkSans-Light.ttf */ = {isa = PBXFileReference; explicitFileType = undefined; fileEncoding = 9; includeInIndex = 0; lastKnownFileType = unknown; name = "WorkSans-Light.ttf"; path = "../assets/fonts/static/WorkSans-Light.ttf"; sourceTree = "<group>"; };
		492E4A47EAD24C4083389A54 /* GemunuLibre-Medium.ttf */ = {isa = PBXFileReference; explicitFileType = undefined; fileEncoding = 9; includeInIndex = 0; lastKnownFileType = unknown; name = "GemunuLibre-Medium.ttf"; path = "../assets/fonts/Gemunu_Libre (1)/static/GemunuLibre-Medium.ttf"; sourceTree = "<group>"; };
		4C6A130F6560462F80254855 /* GemunuLibre-Regular.ttf */ = {isa = PBXFileReference; explicitFileType = undefined; fileEncoding = 9; includeInIndex = 0; lastKnownFileType = unknown; name = "GemunuLibre-Regular.ttf"; path = "../assets/fonts/Gemunu_Libre (1)/static/GemunuLibre-Regular.ttf"; sourceTree = "<group>"; };
		50DE307C0F5446A5A27D6B9C /* WorkSans-SemiBold.ttf */ = {isa = PBXFileReference; explicitFileType = undefined; fileEncoding = 9; includeInIndex = 0; lastKnownFileType = unknown; name = "WorkSans-SemiBold.ttf"; path = "../assets/fonts/static/WorkSans-SemiBold.ttf"; sourceTree = "<group>"; };
		53C05C8590ED4E36B8707380 /* WorkSans-Italic.ttf */ = {isa = PBXFileReference; explicitFileType = undefined; fileEncoding = 9; includeInIndex = 0; lastKnownFileType = unknown; name = "WorkSans-Italic.ttf"; path = "../assets/fonts/static/WorkSans-Italic.ttf"; sourceTree = "<group>"; };
		53FEA30B77F54207821FCE9E /* WorkSans-Regular.ttf */ = {isa = PBXFileReference; explicitFileType = undefined; fileEncoding = 9; includeInIndex = 0; lastKnownFileType = unknown; name = "WorkSans-Regular.ttf"; path = "../assets/fonts/Work_Sans/static/WorkSans-Regular.ttf"; sourceTree = "<group>"; };
		55121564824B4E9C9CF6F408 /* WorkSans-Medium.ttf */ = {isa = PBXFileReference; explicitFileType = undefined; fileEncoding = 9; includeInIndex = 0; lastKnownFileType = unknown; name = "WorkSans-Medium.ttf"; path = "../assets/fonts/WorkSans-Medium.ttf"; sourceTree = "<group>"; };
		56957FCAB3AA4241A94AFDC9 /* WorkSans-ExtraLight.ttf */ = {isa = PBXFileReference; explicitFileType = undefined; fileEncoding = 9; includeInIndex = 0; lastKnownFileType = unknown; name = "WorkSans-ExtraLight.ttf"; path = "../assets/fonts/Work_Sans/static/WorkSans-ExtraLight.ttf"; sourceTree = "<group>"; };
		5881CBE454EF4E74A41146CC /* WorkSans-MediumItalic.ttf */ = {isa = PBXFileReference; explicitFileType = undefined; fileEncoding = 9; includeInIndex = 0; lastKnownFileType = unknown; name = "WorkSans-MediumItalic.ttf"; path = "../assets/fonts/WorkSans-MediumItalic.ttf"; sourceTree = "<group>"; };
		5D116EE828654BBC00BE44D5 /* GemunuLibre-VariableFont_wght.ttf */ = {isa = PBXFileReference; lastKnownFileType = file; path = "GemunuLibre-VariableFont_wght.ttf"; sourceTree = "<group>"; };
		5D2123902886713D00034C56 /* whistleapp.entitlements */ = {isa = PBXFileReference; lastKnownFileType = text.plist.entitlements; name = whistleapp.entitlements; path = whistleapp/whistleapp.entitlements; sourceTree = "<group>"; };
		5D212395288671CF00034C56 /* OneSignalNotificationServiceExtension.appex */ = {isa = PBXFileReference; explicitFileType = "wrapper.app-extension"; includeInIndex = 0; path = OneSignalNotificationServiceExtension.appex; sourceTree = BUILT_PRODUCTS_DIR; };
		5D212397288671D000034C56 /* NotificationService.swift */ = {isa = PBXFileReference; lastKnownFileType = sourcecode.swift; path = NotificationService.swift; sourceTree = "<group>"; };
		5D212399288671D100034C56 /* Info.plist */ = {isa = PBXFileReference; lastKnownFileType = text.plist.xml; path = Info.plist; sourceTree = "<group>"; };
		5DD7C257288675CA00B706A1 /* OneSignalNotificationServiceExtension.entitlements */ = {isa = PBXFileReference; lastKnownFileType = text.plist.entitlements; path = OneSignalNotificationServiceExtension.entitlements; sourceTree = "<group>"; };
		613923313F5F40048182750F /* WorkSans-BlackItalic.ttf */ = {isa = PBXFileReference; explicitFileType = undefined; fileEncoding = 9; includeInIndex = 0; lastKnownFileType = unknown; name = "WorkSans-BlackItalic.ttf"; path = "../assets/fonts/WorkSans-BlackItalic.ttf"; sourceTree = "<group>"; };
		65DA4F3907954AF1B02E6C2E /* WorkSans-Light.ttf */ = {isa = PBXFileReference; explicitFileType = undefined; fileEncoding = 9; includeInIndex = 0; lastKnownFileType = unknown; name = "WorkSans-Light.ttf"; path = "../assets/fonts/Work_Sans/static/WorkSans-Light.ttf"; sourceTree = "<group>"; };
		66104AE324D54388A41DDE56 /* GemunuLibre-VariableFont_wght.ttf */ = {isa = PBXFileReference; explicitFileType = undefined; fileEncoding = 9; includeInIndex = 0; lastKnownFileType = unknown; name = "GemunuLibre-VariableFont_wght.ttf"; path = "../assets/fonts/Gemunu_Libre (1)/GemunuLibre-VariableFont_wght.ttf"; sourceTree = "<group>"; };
		6917230AD02D4D369F1AF2E3 /* WorkSans-Italic.ttf */ = {isa = PBXFileReference; explicitFileType = undefined; fileEncoding = 9; includeInIndex = 0; lastKnownFileType = unknown; name = "WorkSans-Italic.ttf"; path = "../assets/fonts/WorkSans-Italic.ttf"; sourceTree = "<group>"; };
		6C86384C71E17A75E26D16AB /* Pods-OneSignalNotificationServiceExtension.debug.xcconfig */ = {isa = PBXFileReference; includeInIndex = 1; lastKnownFileType = text.xcconfig; name = "Pods-OneSignalNotificationServiceExtension.debug.xcconfig"; path = "Target Support Files/Pods-OneSignalNotificationServiceExtension/Pods-OneSignalNotificationServiceExtension.debug.xcconfig"; sourceTree = "<group>"; };
		7493B28CE8894557BC4343C4 /* GemunuLibre-SemiBold.ttf */ = {isa = PBXFileReference; explicitFileType = undefined; fileEncoding = 9; includeInIndex = 0; lastKnownFileType = unknown; name = "GemunuLibre-SemiBold.ttf"; path = "../assets/fonts/Gemunu_Libre (1)/static/GemunuLibre-SemiBold.ttf"; sourceTree = "<group>"; };
		78B6D7DB13FA4AF08A60401B /* WorkSans-ExtraBoldItalic.ttf */ = {isa = PBXFileReference; explicitFileType = undefined; fileEncoding = 9; includeInIndex = 0; lastKnownFileType = unknown; name = "WorkSans-ExtraBoldItalic.ttf"; path = "../assets/fonts/WorkSans-ExtraBoldItalic.ttf"; sourceTree = "<group>"; };
		81AB9BB72411601600AC10FF /* LaunchScreen.storyboard */ = {isa = PBXFileReference; fileEncoding = 4; lastKnownFileType = file.storyboard; name = LaunchScreen.storyboard; path = whistleapp/LaunchScreen.storyboard; sourceTree = "<group>"; };
		843A92631AEA49B2A6856CAA /* WorkSans-BlackItalic.ttf */ = {isa = PBXFileReference; explicitFileType = undefined; fileEncoding = 9; includeInIndex = 0; lastKnownFileType = unknown; name = "WorkSans-BlackItalic.ttf"; path = "../assets/fonts/Work_Sans/static/WorkSans-BlackItalic.ttf"; sourceTree = "<group>"; };
		88E882573B6C4230A95A9F1C /* WorkSans-MediumItalic.ttf */ = {isa = PBXFileReference; explicitFileType = undefined; fileEncoding = 9; includeInIndex = 0; lastKnownFileType = unknown; name = "WorkSans-MediumItalic.ttf"; path = "../assets/fonts/static/WorkSans-MediumItalic.ttf"; sourceTree = "<group>"; };
		8AC215025A2A44149F82C2EB /* WorkSans-Thin.ttf */ = {isa = PBXFileReference; explicitFileType = undefined; fileEncoding = 9; includeInIndex = 0; lastKnownFileType = unknown; name = "WorkSans-Thin.ttf"; path = "../assets/fonts/WorkSans-Thin.ttf"; sourceTree = "<group>"; };
		903B1EC62DC746A48CB733ED /* WorkSans-ExtraBold.ttf */ = {isa = PBXFileReference; explicitFileType = undefined; fileEncoding = 9; includeInIndex = 0; lastKnownFileType = unknown; name = "WorkSans-ExtraBold.ttf"; path = "../assets/fonts/static/WorkSans-ExtraBold.ttf"; sourceTree = "<group>"; };
		923C0EAF4AB542DFAFBBBB54 /* WorkSans-SemiBoldItalic.ttf */ = {isa = PBXFileReference; explicitFileType = undefined; fileEncoding = 9; includeInIndex = 0; lastKnownFileType = unknown; name = "WorkSans-SemiBoldItalic.ttf"; path = "../assets/fonts/Work_Sans/static/WorkSans-SemiBoldItalic.ttf"; sourceTree = "<group>"; };
		92605E13A64540EBB955498D /* WorkSans-ThinItalic.ttf */ = {isa = PBXFileReference; explicitFileType = undefined; fileEncoding = 9; includeInIndex = 0; lastKnownFileType = unknown; name = "WorkSans-ThinItalic.ttf"; path = "../assets/fonts/Work_Sans/static/WorkSans-ThinItalic.ttf"; sourceTree = "<group>"; };
		9395727E992C4A9FBB7D3403 /* WorkSans-Medium.ttf */ = {isa = PBXFileReference; explicitFileType = undefined; fileEncoding = 9; includeInIndex = 0; lastKnownFileType = unknown; name = "WorkSans-Medium.ttf"; path = "../assets/fonts/Work_Sans/static/WorkSans-Medium.ttf"; sourceTree = "<group>"; };
		945A6B0943AA4D0D8655F17C /* WorkSans-ExtraLightItalic.ttf */ = {isa = PBXFileReference; explicitFileType = undefined; fileEncoding = 9; includeInIndex = 0; lastKnownFileType = unknown; name = "WorkSans-ExtraLightItalic.ttf"; path = "../assets/fonts/static/WorkSans-ExtraLightItalic.ttf"; sourceTree = "<group>"; };
		9DA0962A3C0C5B6DFE9A073A /* Pods-whistleapp-whistleappTests.release.xcconfig */ = {isa = PBXFileReference; includeInIndex = 1; lastKnownFileType = text.xcconfig; name = "Pods-whistleapp-whistleappTests.release.xcconfig"; path = "Target Support Files/Pods-whistleapp-whistleappTests/Pods-whistleapp-whistleappTests.release.xcconfig"; sourceTree = "<group>"; };
		A0180BF85482C7A2561F7063 /* Pods-whistleapp-whistleappTests.debug.xcconfig */ = {isa = PBXFileReference; includeInIndex = 1; lastKnownFileType = text.xcconfig; name = "Pods-whistleapp-whistleappTests.debug.xcconfig"; path = "Target Support Files/Pods-whistleapp-whistleappTests/Pods-whistleapp-whistleappTests.debug.xcconfig"; sourceTree = "<group>"; };
		AD600AEED455463E98838E8C /* WorkSans-SemiBoldItalic.ttf */ = {isa = PBXFileReference; explicitFileType = undefined; fileEncoding = 9; includeInIndex = 0; lastKnownFileType = unknown; name = "WorkSans-SemiBoldItalic.ttf"; path = "../assets/fonts/static/WorkSans-SemiBoldItalic.ttf"; sourceTree = "<group>"; };
		B0B1CAADFCCA4C678636A98E /* WorkSans-Regular.ttf */ = {isa = PBXFileReference; explicitFileType = undefined; fileEncoding = 9; includeInIndex = 0; lastKnownFileType = unknown; name = "WorkSans-Regular.ttf"; path = "../assets/fonts/WorkSans-Regular.ttf"; sourceTree = "<group>"; };
		B400E674EC92AC943C8B56AD /* Pods-whistleapp.release.xcconfig */ = {isa = PBXFileReference; includeInIndex = 1; lastKnownFileType = text.xcconfig; name = "Pods-whistleapp.release.xcconfig"; path = "Target Support Files/Pods-whistleapp/Pods-whistleapp.release.xcconfig"; sourceTree = "<group>"; };
		B623AA400A144D66A04E67ED /* WorkSans-SemiBoldItalic.ttf */ = {isa = PBXFileReference; explicitFileType = undefined; fileEncoding = 9; includeInIndex = 0; lastKnownFileType = unknown; name = "WorkSans-SemiBoldItalic.ttf"; path = "../assets/fonts/WorkSans-SemiBoldItalic.ttf"; sourceTree = "<group>"; };
		B8E77BA495E64754AE96683A /* WorkSans-LightItalic.ttf */ = {isa = PBXFileReference; explicitFileType = undefined; fileEncoding = 9; includeInIndex = 0; lastKnownFileType = unknown; name = "WorkSans-LightItalic.ttf"; path = "../assets/fonts/Work_Sans/static/WorkSans-LightItalic.ttf"; sourceTree = "<group>"; };
		BDFC18B7B4A24FDFAC4F88C7 /* WorkSans-ExtraLight.ttf */ = {isa = PBXFileReference; explicitFileType = undefined; fileEncoding = 9; includeInIndex = 0; lastKnownFileType = unknown; name = "WorkSans-ExtraLight.ttf"; path = "../assets/fonts/static/WorkSans-ExtraLight.ttf"; sourceTree = "<group>"; };
		BF64A6A2F5FC44FBA54B0EF1 /* WorkSans-BlackItalic.ttf */ = {isa = PBXFileReference; explicitFileType = undefined; fileEncoding = 9; includeInIndex = 0; lastKnownFileType = unknown; name = "WorkSans-BlackItalic.ttf"; path = "../assets/fonts/static/WorkSans-BlackItalic.ttf"; sourceTree = "<group>"; };
		BF89B307DDC9A579ED0C2B2E /* libPods-whistleapp.a */ = {isa = PBXFileReference; explicitFileType = archive.ar; includeInIndex = 0; path = "libPods-whistleapp.a"; sourceTree = BUILT_PRODUCTS_DIR; };
		C2E8226ABDC048399153E896 /* WorkSans-SemiBold.ttf */ = {isa = PBXFileReference; explicitFileType = undefined; fileEncoding = 9; includeInIndex = 0; lastKnownFileType = unknown; name = "WorkSans-SemiBold.ttf"; path = "../assets/fonts/Work_Sans/static/WorkSans-SemiBold.ttf"; sourceTree = "<group>"; };
		CF049432E3E740E9AA49F25B /* WorkSans-BoldItalic.ttf */ = {isa = PBXFileReference; explicitFileType = undefined; fileEncoding = 9; includeInIndex = 0; lastKnownFileType = unknown; name = "WorkSans-BoldItalic.ttf"; path = "../assets/fonts/static/WorkSans-BoldItalic.ttf"; sourceTree = "<group>"; };
		D4015BDD9D364425947EDB7F /* WorkSans-Italic-VariableFont_wght.ttf */ = {isa = PBXFileReference; explicitFileType = undefined; fileEncoding = 9; includeInIndex = 0; lastKnownFileType = unknown; name = "WorkSans-Italic-VariableFont_wght.ttf"; path = "../assets/fonts/WorkSans-Italic-VariableFont_wght.ttf"; sourceTree = "<group>"; };
		D68BCF2D186F4BFC994DB166 /* WorkSans-MediumItalic.ttf */ = {isa = PBXFileReference; explicitFileType = undefined; fileEncoding = 9; includeInIndex = 0; lastKnownFileType = unknown; name = "WorkSans-MediumItalic.ttf"; path = "../assets/fonts/Work_Sans/static/WorkSans-MediumItalic.ttf"; sourceTree = "<group>"; };
		D6F2C3E0FFFA46AE9A38155C /* WorkSans-Regular.ttf */ = {isa = PBXFileReference; explicitFileType = undefined; fileEncoding = 9; includeInIndex = 0; lastKnownFileType = unknown; name = "WorkSans-Regular.ttf"; path = "../assets/fonts/static/WorkSans-Regular.ttf"; sourceTree = "<group>"; };
		D79174A12A6E4F57BEC5009D /* WorkSans-Italic.ttf */ = {isa = PBXFileReference; explicitFileType = undefined; fileEncoding = 9; includeInIndex = 0; lastKnownFileType = unknown; name = "WorkSans-Italic.ttf"; path = "../assets/fonts/Work_Sans/static/WorkSans-Italic.ttf"; sourceTree = "<group>"; };
		DD37F9540D5544EFB50CB49A /* WorkSans-Thin.ttf */ = {isa = PBXFileReference; explicitFileType = undefined; fileEncoding = 9; includeInIndex = 0; lastKnownFileType = unknown; name = "WorkSans-Thin.ttf"; path = "../assets/fonts/Work_Sans/static/WorkSans-Thin.ttf"; sourceTree = "<group>"; };
		DE159BD759034EC6B489131C /* WorkSans-Light.ttf */ = {isa = PBXFileReference; explicitFileType = undefined; fileEncoding = 9; includeInIndex = 0; lastKnownFileType = unknown; name = "WorkSans-Light.ttf"; path = "../assets/fonts/WorkSans-Light.ttf"; sourceTree = "<group>"; };
		E06532B908F583ACDF2ED305 /* libPods-whistleapp-whistleappTests.a */ = {isa = PBXFileReference; explicitFileType = archive.ar; includeInIndex = 0; path = "libPods-whistleapp-whistleappTests.a"; sourceTree = BUILT_PRODUCTS_DIR; };
		E0FA7F1E9DC048269F6C9B50 /* WorkSans-Italic-VariableFont_wght.ttf */ = {isa = PBXFileReference; explicitFileType = undefined; fileEncoding = 9; includeInIndex = 0; lastKnownFileType = unknown; name = "WorkSans-Italic-VariableFont_wght.ttf"; path = "../assets/fonts/Work_Sans/WorkSans-Italic-VariableFont_wght.ttf"; sourceTree = "<group>"; };
		E15029FBC4D346B5A4B1D8E7 /* WorkSans-Black.ttf */ = {isa = PBXFileReference; explicitFileType = undefined; fileEncoding = 9; includeInIndex = 0; lastKnownFileType = unknown; name = "WorkSans-Black.ttf"; path = "../assets/fonts/Work_Sans/static/WorkSans-Black.ttf"; sourceTree = "<group>"; };
		E6FFB2842D064675A2CECBFD /* WorkSans-Bold.ttf */ = {isa = PBXFileReference; explicitFileType = undefined; fileEncoding = 9; includeInIndex = 0; lastKnownFileType = unknown; name = "WorkSans-Bold.ttf"; path = "../assets/fonts/Work_Sans/static/WorkSans-Bold.ttf"; sourceTree = "<group>"; };
		E82FB3A636C830C9325088F9 /* Pods-OneSignalNotificationServiceExtension.release.xcconfig */ = {isa = PBXFileReference; includeInIndex = 1; lastKnownFileType = text.xcconfig; name = "Pods-OneSignalNotificationServiceExtension.release.xcconfig"; path = "Target Support Files/Pods-OneSignalNotificationServiceExtension/Pods-OneSignalNotificationServiceExtension.release.xcconfig"; sourceTree = "<group>"; };
		ECD70326BF384FF4BBDAC220 /* WorkSans-Bold.ttf */ = {isa = PBXFileReference; explicitFileType = undefined; fileEncoding = 9; includeInIndex = 0; lastKnownFileType = unknown; name = "WorkSans-Bold.ttf"; path = "../assets/fonts/static/WorkSans-Bold.ttf"; sourceTree = "<group>"; };
		ED297162215061F000B7C4FE /* JavaScriptCore.framework */ = {isa = PBXFileReference; lastKnownFileType = wrapper.framework; name = JavaScriptCore.framework; path = System/Library/Frameworks/JavaScriptCore.framework; sourceTree = SDKROOT; };
		EEDB3853B64647B8A18E2414 /* WorkSans-LightItalic.ttf */ = {isa = PBXFileReference; explicitFileType = undefined; fileEncoding = 9; includeInIndex = 0; lastKnownFileType = unknown; name = "WorkSans-LightItalic.ttf"; path = "../assets/fonts/static/WorkSans-LightItalic.ttf"; sourceTree = "<group>"; };
		F165FEA3D60AD40528C62696 /* Pods-whistleapp.debug.xcconfig */ = {isa = PBXFileReference; includeInIndex = 1; lastKnownFileType = text.xcconfig; name = "Pods-whistleapp.debug.xcconfig"; path = "Target Support Files/Pods-whistleapp/Pods-whistleapp.debug.xcconfig"; sourceTree = "<group>"; };
		F24A4582015F478EA98401AB /* WorkSans-BoldItalic.ttf */ = {isa = PBXFileReference; explicitFileType = undefined; fileEncoding = 9; includeInIndex = 0; lastKnownFileType = unknown; name = "WorkSans-BoldItalic.ttf"; path = "../assets/fonts/WorkSans-BoldItalic.ttf"; sourceTree = "<group>"; };
		F48B68497EF14D5A9E7DB957 /* WorkSans-ExtraBold.ttf */ = {isa = PBXFileReference; explicitFileType = undefined; fileEncoding = 9; includeInIndex = 0; lastKnownFileType = unknown; name = "WorkSans-ExtraBold.ttf"; path = "../assets/fonts/WorkSans-ExtraBold.ttf"; sourceTree = "<group>"; };
		F5C7887CDAFE4BC6A6035506 /* WorkSans-Black.ttf */ = {isa = PBXFileReference; explicitFileType = undefined; fileEncoding = 9; includeInIndex = 0; lastKnownFileType = unknown; name = "WorkSans-Black.ttf"; path = "../assets/fonts/WorkSans-Black.ttf"; sourceTree = "<group>"; };
		FDCF1664E800463389071664 /* WorkSans-ExtraLightItalic.ttf */ = {isa = PBXFileReference; explicitFileType = undefined; fileEncoding = 9; includeInIndex = 0; lastKnownFileType = unknown; name = "WorkSans-ExtraLightItalic.ttf"; path = "../assets/fonts/WorkSans-ExtraLightItalic.ttf"; sourceTree = "<group>"; };
/* End PBXFileReference section */

/* Begin PBXFrameworksBuildPhase section */
		00E356EB1AD99517003FC87E /* Frameworks */ = {
			isa = PBXFrameworksBuildPhase;
			buildActionMask = 2147483647;
			files = (
				9FBF2085149B1401A843491B /* libPods-whistleapp-whistleappTests.a in Frameworks */,
			);
			runOnlyForDeploymentPostprocessing = 0;
		};
		13B07F8C1A680F5B00A75B9A /* Frameworks */ = {
			isa = PBXFrameworksBuildPhase;
			buildActionMask = 2147483647;
			files = (
				5C9FCDC22F62FF25266F1DC0 /* libPods-whistleapp.a in Frameworks */,
			);
			runOnlyForDeploymentPostprocessing = 0;
		};
		5D212392288671CF00034C56 /* Frameworks */ = {
			isa = PBXFrameworksBuildPhase;
			buildActionMask = 2147483647;
			files = (
				38AACBDFDDF9A36226711927 /* libPods-OneSignalNotificationServiceExtension.a in Frameworks */,
			);
			runOnlyForDeploymentPostprocessing = 0;
		};
/* End PBXFrameworksBuildPhase section */

/* Begin PBXGroup section */
		00E356EF1AD99517003FC87E /* whistleappTests */ = {
			isa = PBXGroup;
			children = (
				00E356F21AD99517003FC87E /* whistleappTests.m */,
				00E356F01AD99517003FC87E /* Supporting Files */,
			);
			path = whistleappTests;
			sourceTree = "<group>";
		};
		00E356F01AD99517003FC87E /* Supporting Files */ = {
			isa = PBXGroup;
			children = (
				00E356F11AD99517003FC87E /* Info.plist */,
			);
			name = "Supporting Files";
			sourceTree = "<group>";
		};
		13B07FAE1A68108700A75B9A /* whistleapp */ = {
			isa = PBXGroup;
			children = (
				5D2123902886713D00034C56 /* whistleapp.entitlements */,
				5D116EE728654B9B00BE44D5 /* fonts */,
				13B07FAF1A68108700A75B9A /* AppDelegate.h */,
				13B07FB01A68108700A75B9A /* AppDelegate.mm */,
				13B07FB51A68108700A75B9A /* Images.xcassets */,
				13B07FB61A68108700A75B9A /* Info.plist */,
				81AB9BB72411601600AC10FF /* LaunchScreen.storyboard */,
				13B07FB71A68108700A75B9A /* main.m */,
			);
			name = whistleapp;
			sourceTree = "<group>";
		};
		2D16E6871FA4F8E400B85C8A /* Frameworks */ = {
			isa = PBXGroup;
			children = (
				ED297162215061F000B7C4FE /* JavaScriptCore.framework */,
				BF89B307DDC9A579ED0C2B2E /* libPods-whistleapp.a */,
				E06532B908F583ACDF2ED305 /* libPods-whistleapp-whistleappTests.a */,
				38BF864666355B5BAB0E7446 /* libPods-OneSignalNotificationServiceExtension.a */,
			);
			name = Frameworks;
			sourceTree = "<group>";
		};
		5D116EE728654B9B00BE44D5 /* fonts */ = {
			isa = PBXGroup;
			children = (
				5D116EE828654BBC00BE44D5 /* GemunuLibre-VariableFont_wght.ttf */,
			);
			name = fonts;
			sourceTree = "<group>";
		};
		5D212396288671D000034C56 /* OneSignalNotificationServiceExtension */ = {
			isa = PBXGroup;
			children = (
				5DD7C257288675CA00B706A1 /* OneSignalNotificationServiceExtension.entitlements */,
				5D212397288671D000034C56 /* NotificationService.swift */,
				5D212399288671D100034C56 /* Info.plist */,
			);
			path = OneSignalNotificationServiceExtension;
			sourceTree = "<group>";
		};
		832341AE1AAA6A7D00B99B32 /* Libraries */ = {
			isa = PBXGroup;
			children = (
			);
			name = Libraries;
			sourceTree = "<group>";
		};
		83CBB9F61A601CBA00E9B192 = {
			isa = PBXGroup;
			children = (
				13B07FAE1A68108700A75B9A /* whistleapp */,
				832341AE1AAA6A7D00B99B32 /* Libraries */,
				00E356EF1AD99517003FC87E /* whistleappTests */,
				5D212396288671D000034C56 /* OneSignalNotificationServiceExtension */,
				83CBBA001A601CBA00E9B192 /* Products */,
				2D16E6871FA4F8E400B85C8A /* Frameworks */,
				BBD78D7AC51CEA395F1C20DB /* Pods */,
				84AB95A93DB34FF099735A32 /* Resources */,
			);
			indentWidth = 2;
			sourceTree = "<group>";
			tabWidth = 2;
			usesTabs = 0;
		};
		83CBBA001A601CBA00E9B192 /* Products */ = {
			isa = PBXGroup;
			children = (
				13B07F961A680F5B00A75B9A /* whistleapp.app */,
				00E356EE1AD99517003FC87E /* whistleappTests.xctest */,
				5D212395288671CF00034C56 /* OneSignalNotificationServiceExtension.appex */,
			);
			name = Products;
			sourceTree = "<group>";
		};
		84AB95A93DB34FF099735A32 /* Resources */ = {
			isa = PBXGroup;
			children = (
				E15029FBC4D346B5A4B1D8E7 /* WorkSans-Black.ttf */,
				843A92631AEA49B2A6856CAA /* WorkSans-BlackItalic.ttf */,
				E6FFB2842D064675A2CECBFD /* WorkSans-Bold.ttf */,
				352402F0863A4A29AD26685B /* WorkSans-BoldItalic.ttf */,
				0DC5289113ED487691B5791A /* WorkSans-ExtraBold.ttf */,
				0A0E18570AA6477D85324818 /* WorkSans-ExtraBoldItalic.ttf */,
				56957FCAB3AA4241A94AFDC9 /* WorkSans-ExtraLight.ttf */,
				1B7EFFE72A6540989B3E12D3 /* WorkSans-ExtraLightItalic.ttf */,
				D79174A12A6E4F57BEC5009D /* WorkSans-Italic.ttf */,
				65DA4F3907954AF1B02E6C2E /* WorkSans-Light.ttf */,
				B8E77BA495E64754AE96683A /* WorkSans-LightItalic.ttf */,
				9395727E992C4A9FBB7D3403 /* WorkSans-Medium.ttf */,
				D68BCF2D186F4BFC994DB166 /* WorkSans-MediumItalic.ttf */,
				53FEA30B77F54207821FCE9E /* WorkSans-Regular.ttf */,
				C2E8226ABDC048399153E896 /* WorkSans-SemiBold.ttf */,
				923C0EAF4AB542DFAFBBBB54 /* WorkSans-SemiBoldItalic.ttf */,
				DD37F9540D5544EFB50CB49A /* WorkSans-Thin.ttf */,
				92605E13A64540EBB955498D /* WorkSans-ThinItalic.ttf */,
				E0FA7F1E9DC048269F6C9B50 /* WorkSans-Italic-VariableFont_wght.ttf */,
				1F38547299AB4584A3C0A6BC /* WorkSans-VariableFont_wght.ttf */,
				3225A6FF9364488AAE4630CE /* WorkSans-Black.ttf */,
				BF64A6A2F5FC44FBA54B0EF1 /* WorkSans-BlackItalic.ttf */,
				ECD70326BF384FF4BBDAC220 /* WorkSans-Bold.ttf */,
				CF049432E3E740E9AA49F25B /* WorkSans-BoldItalic.ttf */,
				903B1EC62DC746A48CB733ED /* WorkSans-ExtraBold.ttf */,
				19C2C7E6267C4631A2486353 /* WorkSans-ExtraBoldItalic.ttf */,
				BDFC18B7B4A24FDFAC4F88C7 /* WorkSans-ExtraLight.ttf */,
				945A6B0943AA4D0D8655F17C /* WorkSans-ExtraLightItalic.ttf */,
				53C05C8590ED4E36B8707380 /* WorkSans-Italic.ttf */,
				3BD874E21FB74A2182BCE8FA /* WorkSans-Light.ttf */,
				EEDB3853B64647B8A18E2414 /* WorkSans-LightItalic.ttf */,
				16AD19BBB7E947588BB9E531 /* WorkSans-Medium.ttf */,
				88E882573B6C4230A95A9F1C /* WorkSans-MediumItalic.ttf */,
				D6F2C3E0FFFA46AE9A38155C /* WorkSans-Regular.ttf */,
				50DE307C0F5446A5A27D6B9C /* WorkSans-SemiBold.ttf */,
				AD600AEED455463E98838E8C /* WorkSans-SemiBoldItalic.ttf */,
				2FCF0DC8CEA4440E95F9BC3A /* WorkSans-Thin.ttf */,
				0B08BDF0BD1D4DFEA2965827 /* WorkSans-ThinItalic.ttf */,
				D4015BDD9D364425947EDB7F /* WorkSans-Italic-VariableFont_wght.ttf */,
				18AAB0D2222246578AEB1836 /* WorkSans-VariableFont_wght.ttf */,
				F5C7887CDAFE4BC6A6035506 /* WorkSans-Black.ttf */,
				613923313F5F40048182750F /* WorkSans-BlackItalic.ttf */,
				16E7D9C49D784D61B62F559C /* WorkSans-Bold.ttf */,
				F24A4582015F478EA98401AB /* WorkSans-BoldItalic.ttf */,
				F48B68497EF14D5A9E7DB957 /* WorkSans-ExtraBold.ttf */,
				78B6D7DB13FA4AF08A60401B /* WorkSans-ExtraBoldItalic.ttf */,
				1D9BE18AA93B426B98016F71 /* WorkSans-ExtraLight.ttf */,
				FDCF1664E800463389071664 /* WorkSans-ExtraLightItalic.ttf */,
				6917230AD02D4D369F1AF2E3 /* WorkSans-Italic.ttf */,
				DE159BD759034EC6B489131C /* WorkSans-Light.ttf */,
				07474C110B6A4C18ACA2DF8D /* WorkSans-LightItalic.ttf */,
				55121564824B4E9C9CF6F408 /* WorkSans-Medium.ttf */,
				5881CBE454EF4E74A41146CC /* WorkSans-MediumItalic.ttf */,
				B0B1CAADFCCA4C678636A98E /* WorkSans-Regular.ttf */,
				227440344699405A91189848 /* WorkSans-SemiBold.ttf */,
				B623AA400A144D66A04E67ED /* WorkSans-SemiBoldItalic.ttf */,
				8AC215025A2A44149F82C2EB /* WorkSans-Thin.ttf */,
				19B91EF4D3BA464C9EBFBD57 /* WorkSans-ThinItalic.ttf */,
				66104AE324D54388A41DDE56 /* GemunuLibre-VariableFont_wght.ttf */,
				24EF80F9338741D89822CC53 /* GemunuLibre-Bold.ttf */,
				0F462B3C69CA46AB9093EE66 /* GemunuLibre-ExtraBold.ttf */,
				336242BC5BDB4DE89421834A /* GemunuLibre-ExtraLight.ttf */,
				0A6DDDEED34C4ABB87E5ED54 /* GemunuLibre-Light.ttf */,
				492E4A47EAD24C4083389A54 /* GemunuLibre-Medium.ttf */,
				4C6A130F6560462F80254855 /* GemunuLibre-Regular.ttf */,
				7493B28CE8894557BC4343C4 /* GemunuLibre-SemiBold.ttf */,
			);
			name = Resources;
			sourceTree = "<group>";
		};
		BBD78D7AC51CEA395F1C20DB /* Pods */ = {
			isa = PBXGroup;
			children = (
				F165FEA3D60AD40528C62696 /* Pods-whistleapp.debug.xcconfig */,
				B400E674EC92AC943C8B56AD /* Pods-whistleapp.release.xcconfig */,
				A0180BF85482C7A2561F7063 /* Pods-whistleapp-whistleappTests.debug.xcconfig */,
				9DA0962A3C0C5B6DFE9A073A /* Pods-whistleapp-whistleappTests.release.xcconfig */,
				6C86384C71E17A75E26D16AB /* Pods-OneSignalNotificationServiceExtension.debug.xcconfig */,
				E82FB3A636C830C9325088F9 /* Pods-OneSignalNotificationServiceExtension.release.xcconfig */,
			);
			path = Pods;
			sourceTree = "<group>";
		};
/* End PBXGroup section */

/* Begin PBXNativeTarget section */
		00E356ED1AD99517003FC87E /* whistleappTests */ = {
			isa = PBXNativeTarget;
			buildConfigurationList = 00E357021AD99517003FC87E /* Build configuration list for PBXNativeTarget "whistleappTests" */;
			buildPhases = (
				B4097D1092A11CD15ACCB68A /* [CP] Check Pods Manifest.lock */,
				00E356EA1AD99517003FC87E /* Sources */,
				00E356EB1AD99517003FC87E /* Frameworks */,
				00E356EC1AD99517003FC87E /* Resources */,
				5819D569D383A2E045762D20 /* [CP] Embed Pods Frameworks */,
				95BD6E4B821D299F73C63235 /* [CP] Copy Pods Resources */,
			);
			buildRules = (
			);
			dependencies = (
				00E356F51AD99517003FC87E /* PBXTargetDependency */,
			);
			name = whistleappTests;
			productName = whistleappTests;
			productReference = 00E356EE1AD99517003FC87E /* whistleappTests.xctest */;
			productType = "com.apple.product-type.bundle.unit-test";
		};
		13B07F861A680F5B00A75B9A /* whistleapp */ = {
			isa = PBXNativeTarget;
			buildConfigurationList = 13B07F931A680F5B00A75B9A /* Build configuration list for PBXNativeTarget "whistleapp" */;
			buildPhases = (
				6EA6A0A99FE7BAEC9810D513 /* [CP] Check Pods Manifest.lock */,
				FD10A7F022414F080027D42C /* Start Packager */,
				13B07F871A680F5B00A75B9A /* Sources */,
				13B07F8C1A680F5B00A75B9A /* Frameworks */,
				13B07F8E1A680F5B00A75B9A /* Resources */,
				00DD1BFF1BD5951E006B06BC /* Bundle React Native code and images */,
				CF5724AA3C2AF4204F9B16B3 /* [CP] Embed Pods Frameworks */,
				3CEE77AAB0C472C1191D9B0B /* [CP] Copy Pods Resources */,
				5D2123A0288671D100034C56 /* Embed App Extensions */,
			);
			buildRules = (
			);
			dependencies = (
				5D21239B288671D100034C56 /* PBXTargetDependency */,
			);
			name = whistleapp;
			productName = whistleapp;
			productReference = 13B07F961A680F5B00A75B9A /* whistleapp.app */;
			productType = "com.apple.product-type.application";
		};
		5D212394288671CF00034C56 /* OneSignalNotificationServiceExtension */ = {
			isa = PBXNativeTarget;
			buildConfigurationList = 5D21239D288671D100034C56 /* Build configuration list for PBXNativeTarget "OneSignalNotificationServiceExtension" */;
			buildPhases = (
				1A05B23F3E45EEE7DCCF296C /* [CP] Check Pods Manifest.lock */,
				5D212391288671CF00034C56 /* Sources */,
				5D212392288671CF00034C56 /* Frameworks */,
				5D212393288671CF00034C56 /* Resources */,
			);
			buildRules = (
			);
			dependencies = (
			);
			name = OneSignalNotificationServiceExtension;
			productName = OneSignalNotificationServiceExtension;
			productReference = 5D212395288671CF00034C56 /* OneSignalNotificationServiceExtension.appex */;
			productType = "com.apple.product-type.app-extension";
		};
/* End PBXNativeTarget section */

/* Begin PBXProject section */
		83CBB9F71A601CBA00E9B192 /* Project object */ = {
			isa = PBXProject;
			attributes = {
				LastSwiftUpdateCheck = 1340;
				LastUpgradeCheck = 1340;
				TargetAttributes = {
					00E356ED1AD99517003FC87E = {
						CreatedOnToolsVersion = 6.2;
						TestTargetID = 13B07F861A680F5B00A75B9A;
					};
					13B07F861A680F5B00A75B9A = {
						LastSwiftMigration = 1120;
					};
					5D212394288671CF00034C56 = {
						CreatedOnToolsVersion = 13.4.1;
					};
				};
			};
			buildConfigurationList = 83CBB9FA1A601CBA00E9B192 /* Build configuration list for PBXProject "whistleapp" */;
			compatibilityVersion = "Xcode 12.0";
			developmentRegion = en;
			hasScannedForEncodings = 0;
			knownRegions = (
				en,
				Base,
			);
			mainGroup = 83CBB9F61A601CBA00E9B192;
			productRefGroup = 83CBBA001A601CBA00E9B192 /* Products */;
			projectDirPath = "";
			projectRoot = "";
			targets = (
				13B07F861A680F5B00A75B9A /* whistleapp */,
				00E356ED1AD99517003FC87E /* whistleappTests */,
				5D212394288671CF00034C56 /* OneSignalNotificationServiceExtension */,
			);
		};
/* End PBXProject section */

/* Begin PBXResourcesBuildPhase section */
		00E356EC1AD99517003FC87E /* Resources */ = {
			isa = PBXResourcesBuildPhase;
			buildActionMask = 2147483647;
			files = (
				5D116EEA28654CF400BE44D5 /* GemunuLibre-VariableFont_wght.ttf in Resources */,
			);
			runOnlyForDeploymentPostprocessing = 0;
		};
		13B07F8E1A680F5B00A75B9A /* Resources */ = {
			isa = PBXResourcesBuildPhase;
			buildActionMask = 2147483647;
			files = (
				5DC0BC782874477E00E44A5A /* WorkSans-Black.ttf in Resources */,
				5DC0BC792874477E00E44A5A /* WorkSans-BlackItalic.ttf in Resources */,
				5DC0BC7A2874477E00E44A5A /* WorkSans-Bold.ttf in Resources */,
				5DC0BC7B2874477E00E44A5A /* WorkSans-BoldItalic.ttf in Resources */,
				5DC0BC7C2874477E00E44A5A /* WorkSans-ExtraBold.ttf in Resources */,
				5DC0BC7D2874477E00E44A5A /* WorkSans-ExtraBoldItalic.ttf in Resources */,
				5DC0BC7E2874477E00E44A5A /* WorkSans-ExtraLight.ttf in Resources */,
				5DC0BC7F2874477E00E44A5A /* WorkSans-ExtraLightItalic.ttf in Resources */,
				5DC0BC802874477E00E44A5A /* WorkSans-Italic.ttf in Resources */,
				5DC0BC812874477E00E44A5A /* WorkSans-Light.ttf in Resources */,
				5DC0BC822874477E00E44A5A /* WorkSans-LightItalic.ttf in Resources */,
				5DC0BC832874477E00E44A5A /* WorkSans-Medium.ttf in Resources */,
				5DC0BC842874477E00E44A5A /* WorkSans-MediumItalic.ttf in Resources */,
				5DC0BC852874477E00E44A5A /* WorkSans-Regular.ttf in Resources */,
				5DC0BC862874477E00E44A5A /* WorkSans-SemiBold.ttf in Resources */,
				5DC0BC872874477E00E44A5A /* WorkSans-SemiBoldItalic.ttf in Resources */,
				5DC0BC882874477E00E44A5A /* WorkSans-Thin.ttf in Resources */,
				5DC0BC892874477E00E44A5A /* WorkSans-ThinItalic.ttf in Resources */,
				5DC0BC8A2874477E00E44A5A /* WorkSans-Italic-VariableFont_wght.ttf in Resources */,
				5DC0BC8B2874477E00E44A5A /* WorkSans-VariableFont_wght.ttf in Resources */,
				81AB9BB82411601600AC10FF /* LaunchScreen.storyboard in Resources */,
				13B07FBF1A68108700A75B9A /* Images.xcassets in Resources */,
				85D0A0A87F28423C9747A9A2 /* GemunuLibre-VariableFont_wght.ttf in Resources */,
				E3D86FE861CF45348E567CB5 /* GemunuLibre-Bold.ttf in Resources */,
				6FB53167F8A74AA7856C7716 /* GemunuLibre-ExtraBold.ttf in Resources */,
				013F7A5CED0D4C9CB2E79E69 /* GemunuLibre-ExtraLight.ttf in Resources */,
				E2F432376B484EBD92BF5C7E /* GemunuLibre-Light.ttf in Resources */,
				146615298355477A923A6F5C /* GemunuLibre-Medium.ttf in Resources */,
				A0DC3C5049BE41F78B652584 /* GemunuLibre-Regular.ttf in Resources */,
				4007EF8A0E274151B38F43E9 /* GemunuLibre-SemiBold.ttf in Resources */,
			);
			runOnlyForDeploymentPostprocessing = 0;
		};
		5D212393288671CF00034C56 /* Resources */ = {
			isa = PBXResourcesBuildPhase;
			buildActionMask = 2147483647;
			files = (
			);
			runOnlyForDeploymentPostprocessing = 0;
		};
/* End PBXResourcesBuildPhase section */

/* Begin PBXShellScriptBuildPhase section */
		00DD1BFF1BD5951E006B06BC /* Bundle React Native code and images */ = {
			isa = PBXShellScriptBuildPhase;
			buildActionMask = 2147483647;
			files = (
			);
			inputPaths = (
			);
			name = "Bundle React Native code and images";
			outputPaths = (
			);
			runOnlyForDeploymentPostprocessing = 0;
			shellPath = /bin/sh;
			shellScript = "set -e\n\nexport NODE_BINARY=node\n../node_modules/react-native/scripts/react-native-xcode.sh\n\nif [ \"${CONFIGURATION}\" == \"Debug\" ]; then\nexport SKIP_BUNDLING=true\nfi\n";
		};
		1A05B23F3E45EEE7DCCF296C /* [CP] Check Pods Manifest.lock */ = {
			isa = PBXShellScriptBuildPhase;
			buildActionMask = 2147483647;
			files = (
			);
			inputFileListPaths = (
			);
			inputPaths = (
				"${PODS_PODFILE_DIR_PATH}/Podfile.lock",
				"${PODS_ROOT}/Manifest.lock",
			);
			name = "[CP] Check Pods Manifest.lock";
			outputFileListPaths = (
			);
			outputPaths = (
				"$(DERIVED_FILE_DIR)/Pods-OneSignalNotificationServiceExtension-checkManifestLockResult.txt",
			);
			runOnlyForDeploymentPostprocessing = 0;
			shellPath = /bin/sh;
			shellScript = "diff \"${PODS_PODFILE_DIR_PATH}/Podfile.lock\" \"${PODS_ROOT}/Manifest.lock\" > /dev/null\nif [ $? != 0 ] ; then\n    # print error to STDERR\n    echo \"error: The sandbox is not in sync with the Podfile.lock. Run 'pod install' or update your CocoaPods installation.\" >&2\n    exit 1\nfi\n# This output is used by Xcode 'outputs' to avoid re-running this script phase.\necho \"SUCCESS\" > \"${SCRIPT_OUTPUT_FILE_0}\"\n";
			showEnvVarsInLog = 0;
		};
		3CEE77AAB0C472C1191D9B0B /* [CP] Copy Pods Resources */ = {
			isa = PBXShellScriptBuildPhase;
			buildActionMask = 2147483647;
			files = (
			);
			inputFileListPaths = (
				"${PODS_ROOT}/Target Support Files/Pods-whistleapp/Pods-whistleapp-resources-${CONFIGURATION}-input-files.xcfilelist",
			);
			name = "[CP] Copy Pods Resources";
			outputFileListPaths = (
				"${PODS_ROOT}/Target Support Files/Pods-whistleapp/Pods-whistleapp-resources-${CONFIGURATION}-output-files.xcfilelist",
			);
			runOnlyForDeploymentPostprocessing = 0;
			shellPath = /bin/sh;
			shellScript = "\"${PODS_ROOT}/Target Support Files/Pods-whistleapp/Pods-whistleapp-resources.sh\"\n";
			showEnvVarsInLog = 0;
		};
		5819D569D383A2E045762D20 /* [CP] Embed Pods Frameworks */ = {
			isa = PBXShellScriptBuildPhase;
			buildActionMask = 2147483647;
			files = (
			);
			inputFileListPaths = (
				"${PODS_ROOT}/Target Support Files/Pods-whistleapp-whistleappTests/Pods-whistleapp-whistleappTests-frameworks-${CONFIGURATION}-input-files.xcfilelist",
			);
			name = "[CP] Embed Pods Frameworks";
			outputFileListPaths = (
				"${PODS_ROOT}/Target Support Files/Pods-whistleapp-whistleappTests/Pods-whistleapp-whistleappTests-frameworks-${CONFIGURATION}-output-files.xcfilelist",
			);
			runOnlyForDeploymentPostprocessing = 0;
			shellPath = /bin/sh;
			shellScript = "\"${PODS_ROOT}/Target Support Files/Pods-whistleapp-whistleappTests/Pods-whistleapp-whistleappTests-frameworks.sh\"\n";
			showEnvVarsInLog = 0;
		};
		6EA6A0A99FE7BAEC9810D513 /* [CP] Check Pods Manifest.lock */ = {
			isa = PBXShellScriptBuildPhase;
			buildActionMask = 2147483647;
			files = (
			);
			inputFileListPaths = (
			);
			inputPaths = (
				"${PODS_PODFILE_DIR_PATH}/Podfile.lock",
				"${PODS_ROOT}/Manifest.lock",
			);
			name = "[CP] Check Pods Manifest.lock";
			outputFileListPaths = (
			);
			outputPaths = (
				"$(DERIVED_FILE_DIR)/Pods-whistleapp-checkManifestLockResult.txt",
			);
			runOnlyForDeploymentPostprocessing = 0;
			shellPath = /bin/sh;
			shellScript = "diff \"${PODS_PODFILE_DIR_PATH}/Podfile.lock\" \"${PODS_ROOT}/Manifest.lock\" > /dev/null\nif [ $? != 0 ] ; then\n    # print error to STDERR\n    echo \"error: The sandbox is not in sync with the Podfile.lock. Run 'pod install' or update your CocoaPods installation.\" >&2\n    exit 1\nfi\n# This output is used by Xcode 'outputs' to avoid re-running this script phase.\necho \"SUCCESS\" > \"${SCRIPT_OUTPUT_FILE_0}\"\n";
			showEnvVarsInLog = 0;
		};
		95BD6E4B821D299F73C63235 /* [CP] Copy Pods Resources */ = {
			isa = PBXShellScriptBuildPhase;
			buildActionMask = 2147483647;
			files = (
			);
			inputFileListPaths = (
				"${PODS_ROOT}/Target Support Files/Pods-whistleapp-whistleappTests/Pods-whistleapp-whistleappTests-resources-${CONFIGURATION}-input-files.xcfilelist",
			);
			name = "[CP] Copy Pods Resources";
			outputFileListPaths = (
				"${PODS_ROOT}/Target Support Files/Pods-whistleapp-whistleappTests/Pods-whistleapp-whistleappTests-resources-${CONFIGURATION}-output-files.xcfilelist",
			);
			runOnlyForDeploymentPostprocessing = 0;
			shellPath = /bin/sh;
			shellScript = "\"${PODS_ROOT}/Target Support Files/Pods-whistleapp-whistleappTests/Pods-whistleapp-whistleappTests-resources.sh\"\n";
			showEnvVarsInLog = 0;
		};
		B4097D1092A11CD15ACCB68A /* [CP] Check Pods Manifest.lock */ = {
			isa = PBXShellScriptBuildPhase;
			buildActionMask = 2147483647;
			files = (
			);
			inputFileListPaths = (
			);
			inputPaths = (
				"${PODS_PODFILE_DIR_PATH}/Podfile.lock",
				"${PODS_ROOT}/Manifest.lock",
			);
			name = "[CP] Check Pods Manifest.lock";
			outputFileListPaths = (
			);
			outputPaths = (
				"$(DERIVED_FILE_DIR)/Pods-whistleapp-whistleappTests-checkManifestLockResult.txt",
			);
			runOnlyForDeploymentPostprocessing = 0;
			shellPath = /bin/sh;
			shellScript = "diff \"${PODS_PODFILE_DIR_PATH}/Podfile.lock\" \"${PODS_ROOT}/Manifest.lock\" > /dev/null\nif [ $? != 0 ] ; then\n    # print error to STDERR\n    echo \"error: The sandbox is not in sync with the Podfile.lock. Run 'pod install' or update your CocoaPods installation.\" >&2\n    exit 1\nfi\n# This output is used by Xcode 'outputs' to avoid re-running this script phase.\necho \"SUCCESS\" > \"${SCRIPT_OUTPUT_FILE_0}\"\n";
			showEnvVarsInLog = 0;
		};
		CF5724AA3C2AF4204F9B16B3 /* [CP] Embed Pods Frameworks */ = {
			isa = PBXShellScriptBuildPhase;
			buildActionMask = 2147483647;
			files = (
			);
			inputFileListPaths = (
				"${PODS_ROOT}/Target Support Files/Pods-whistleapp/Pods-whistleapp-frameworks-${CONFIGURATION}-input-files.xcfilelist",
			);
			name = "[CP] Embed Pods Frameworks";
			outputFileListPaths = (
				"${PODS_ROOT}/Target Support Files/Pods-whistleapp/Pods-whistleapp-frameworks-${CONFIGURATION}-output-files.xcfilelist",
			);
			runOnlyForDeploymentPostprocessing = 0;
			shellPath = /bin/sh;
			shellScript = "\"${PODS_ROOT}/Target Support Files/Pods-whistleapp/Pods-whistleapp-frameworks.sh\"\n";
			showEnvVarsInLog = 0;
		};
		FD10A7F022414F080027D42C /* Start Packager */ = {
			isa = PBXShellScriptBuildPhase;
			buildActionMask = 2147483647;
			files = (
			);
			inputFileListPaths = (
			);
			inputPaths = (
			);
			name = "Start Packager";
			outputFileListPaths = (
			);
			outputPaths = (
			);
			runOnlyForDeploymentPostprocessing = 0;
			shellPath = /bin/sh;
			shellScript = "export RCT_METRO_PORT=\"${RCT_METRO_PORT:=8081}\"\necho \"export RCT_METRO_PORT=${RCT_METRO_PORT}\" > \"${SRCROOT}/../node_modules/react-native/scripts/.packager.env\"\nif [ -z \"${RCT_NO_LAUNCH_PACKAGER+xxx}\" ] ; then\n  if nc -w 5 -z localhost ${RCT_METRO_PORT} ; then\n    if ! curl -s \"http://localhost:${RCT_METRO_PORT}/status\" | grep -q \"packager-status:running\" ; then\n      echo \"Port ${RCT_METRO_PORT} already in use, packager is either not running or not running correctly\"\n      exit 2\n    fi\n  else\n    open \"$SRCROOT/../node_modules/react-native/scripts/launchPackager.command\" || echo \"Can't start packager automatically\"\n  fi\nfi\n";
			showEnvVarsInLog = 0;
		};
/* End PBXShellScriptBuildPhase section */

/* Begin PBXSourcesBuildPhase section */
		00E356EA1AD99517003FC87E /* Sources */ = {
			isa = PBXSourcesBuildPhase;
			buildActionMask = 2147483647;
			files = (
				00E356F31AD99517003FC87E /* whistleappTests.m in Sources */,
			);
			runOnlyForDeploymentPostprocessing = 0;
		};
		13B07F871A680F5B00A75B9A /* Sources */ = {
			isa = PBXSourcesBuildPhase;
			buildActionMask = 2147483647;
			files = (
				13B07FBC1A68108700A75B9A /* AppDelegate.mm in Sources */,
				13B07FC11A68108700A75B9A /* main.m in Sources */,
			);
			runOnlyForDeploymentPostprocessing = 0;
		};
		5D212391288671CF00034C56 /* Sources */ = {
			isa = PBXSourcesBuildPhase;
			buildActionMask = 2147483647;
			files = (
				5D212398288671D000034C56 /* NotificationService.swift in Sources */,
			);
			runOnlyForDeploymentPostprocessing = 0;
		};
/* End PBXSourcesBuildPhase section */

/* Begin PBXTargetDependency section */
		00E356F51AD99517003FC87E /* PBXTargetDependency */ = {
			isa = PBXTargetDependency;
			target = 13B07F861A680F5B00A75B9A /* whistleapp */;
			targetProxy = 00E356F41AD99517003FC87E /* PBXContainerItemProxy */;
		};
		5D21239B288671D100034C56 /* PBXTargetDependency */ = {
			isa = PBXTargetDependency;
			target = 5D212394288671CF00034C56 /* OneSignalNotificationServiceExtension */;
			targetProxy = 5D21239A288671D100034C56 /* PBXContainerItemProxy */;
		};
/* End PBXTargetDependency section */

/* Begin XCBuildConfiguration section */
		00E356F61AD99517003FC87E /* Debug */ = {
			isa = XCBuildConfiguration;
			baseConfigurationReference = A0180BF85482C7A2561F7063 /* Pods-whistleapp-whistleappTests.debug.xcconfig */;
			buildSettings = {
				ALWAYS_EMBED_SWIFT_STANDARD_LIBRARIES = YES;
				BUNDLE_LOADER = "$(TEST_HOST)";
				GCC_PREPROCESSOR_DEFINITIONS = (
					"DEBUG=1",
					"$(inherited)",
				);
				INFOPLIST_FILE = whistleappTests/Info.plist;
				IPHONEOS_DEPLOYMENT_TARGET = 12.0;
				LD_RUNPATH_SEARCH_PATHS = (
					"$(inherited)",
					"@executable_path/Frameworks",
					"@loader_path/Frameworks",
				);
				OTHER_LDFLAGS = (
					"-ObjC",
					"-lc++",
					"$(inherited)",
				);
				PRODUCT_BUNDLE_IDENTIFIER = "org.reactjs.native.example.$(PRODUCT_NAME:rfc1034identifier)";
				PRODUCT_NAME = "$(TARGET_NAME)";
				TEST_HOST = "$(BUILT_PRODUCTS_DIR)/whistleapp.app/whistleapp";
			};
			name = Debug;
		};
		00E356F71AD99517003FC87E /* Release */ = {
			isa = XCBuildConfiguration;
			baseConfigurationReference = 9DA0962A3C0C5B6DFE9A073A /* Pods-whistleapp-whistleappTests.release.xcconfig */;
			buildSettings = {
				ALWAYS_EMBED_SWIFT_STANDARD_LIBRARIES = YES;
				BUNDLE_LOADER = "$(TEST_HOST)";
				COPY_PHASE_STRIP = NO;
				INFOPLIST_FILE = whistleappTests/Info.plist;
				IPHONEOS_DEPLOYMENT_TARGET = 12.0;
				LD_RUNPATH_SEARCH_PATHS = (
					"$(inherited)",
					"@executable_path/Frameworks",
					"@loader_path/Frameworks",
				);
				OTHER_LDFLAGS = (
					"-ObjC",
					"-lc++",
					"$(inherited)",
				);
				PRODUCT_BUNDLE_IDENTIFIER = "org.reactjs.native.example.$(PRODUCT_NAME:rfc1034identifier)";
				PRODUCT_NAME = "$(TARGET_NAME)";
				TEST_HOST = "$(BUILT_PRODUCTS_DIR)/whistleapp.app/whistleapp";
			};
			name = Release;
		};
		13B07F941A680F5B00A75B9A /* Debug */ = {
			isa = XCBuildConfiguration;
			baseConfigurationReference = F165FEA3D60AD40528C62696 /* Pods-whistleapp.debug.xcconfig */;
			buildSettings = {
				ALWAYS_EMBED_SWIFT_STANDARD_LIBRARIES = YES;
				ASSETCATALOG_COMPILER_APPICON_NAME = AppIcon;
				CLANG_ENABLE_MODULES = YES;
				CODE_SIGN_ENTITLEMENTS = whistleapp/whistleapp.entitlements;
				CURRENT_PROJECT_VERSION = 1;
				DEVELOPMENT_TEAM = ATG98K5UYN;
				ENABLE_BITCODE = NO;
				INFOPLIST_FILE = whistleapp/Info.plist;
				LD_RUNPATH_SEARCH_PATHS = (
					"$(inherited)",
					"@executable_path/Frameworks",
				);
				OTHER_LDFLAGS = (
					"$(inherited)",
					"-ObjC",
					"-lc++",
				);
				PRODUCT_BUNDLE_IDENTIFIER = app.trywhistle.whistle;
				PRODUCT_NAME = whistleapp;
				SWIFT_OPTIMIZATION_LEVEL = "-Onone";
				SWIFT_VERSION = 5.0;
				VERSIONING_SYSTEM = "apple-generic";
			};
			name = Debug;
		};
		13B07F951A680F5B00A75B9A /* Release */ = {
			isa = XCBuildConfiguration;
			baseConfigurationReference = B400E674EC92AC943C8B56AD /* Pods-whistleapp.release.xcconfig */;
			buildSettings = {
				ALWAYS_EMBED_SWIFT_STANDARD_LIBRARIES = YES;
				ASSETCATALOG_COMPILER_APPICON_NAME = AppIcon;
				CLANG_ENABLE_MODULES = YES;
				CODE_SIGN_ENTITLEMENTS = whistleapp/whistleapp.entitlements;
				CURRENT_PROJECT_VERSION = 1;
				DEVELOPMENT_TEAM = ATG98K5UYN;
				INFOPLIST_FILE = whistleapp/Info.plist;
				LD_RUNPATH_SEARCH_PATHS = (
					"$(inherited)",
					"@executable_path/Frameworks",
				);
				OTHER_LDFLAGS = (
					"$(inherited)",
					"-ObjC",
					"-lc++",
				);
				PRODUCT_BUNDLE_IDENTIFIER = app.trywhistle.whistle;
				PRODUCT_NAME = whistleapp;
				SWIFT_VERSION = 5.0;
				VERSIONING_SYSTEM = "apple-generic";
			};
			name = Release;
		};
		5D21239E288671D100034C56 /* Debug */ = {
			isa = XCBuildConfiguration;
			baseConfigurationReference = 6C86384C71E17A75E26D16AB /* Pods-OneSignalNotificationServiceExtension.debug.xcconfig */;
			buildSettings = {
				CLANG_ANALYZER_NONNULL = YES;
				CLANG_ANALYZER_NUMBER_OBJECT_CONVERSION = YES_AGGRESSIVE;
				CLANG_CXX_LANGUAGE_STANDARD = "gnu++17";
				CLANG_ENABLE_OBJC_WEAK = YES;
				CLANG_WARN_DOCUMENTATION_COMMENTS = YES;
				CLANG_WARN_UNGUARDED_AVAILABILITY = YES_AGGRESSIVE;
				CODE_SIGN_ENTITLEMENTS = OneSignalNotificationServiceExtension/OneSignalNotificationServiceExtension.entitlements;
				CODE_SIGN_STYLE = Automatic;
				CURRENT_PROJECT_VERSION = 1;
				DEBUG_INFORMATION_FORMAT = dwarf;
				DEVELOPMENT_TEAM = ATG98K5UYN;
				GCC_C_LANGUAGE_STANDARD = gnu11;
				GENERATE_INFOPLIST_FILE = YES;
				INFOPLIST_FILE = OneSignalNotificationServiceExtension/Info.plist;
				INFOPLIST_KEY_CFBundleDisplayName = OneSignalNotificationServiceExtension;
				INFOPLIST_KEY_NSHumanReadableCopyright = "";
				IPHONEOS_DEPLOYMENT_TARGET = 15.5;
				LD_RUNPATH_SEARCH_PATHS = (
					"$(inherited)",
					"@executable_path/Frameworks",
					"@executable_path/../../Frameworks",
				);
				MARKETING_VERSION = 1.0;
				MTL_ENABLE_DEBUG_INFO = INCLUDE_SOURCE;
				MTL_FAST_MATH = YES;
				PRODUCT_BUNDLE_IDENTIFIER = app.trywhistle.whistle.OneSignalNotificationServiceExtension;
				PRODUCT_NAME = "$(TARGET_NAME)";
				SKIP_INSTALL = YES;
				SWIFT_ACTIVE_COMPILATION_CONDITIONS = DEBUG;
				SWIFT_EMIT_LOC_STRINGS = YES;
				SWIFT_OPTIMIZATION_LEVEL = "-Onone";
				SWIFT_VERSION = 5.0;
				TARGETED_DEVICE_FAMILY = "1,2";
			};
			name = Debug;
		};
		5D21239F288671D100034C56 /* Release */ = {
			isa = XCBuildConfiguration;
			baseConfigurationReference = E82FB3A636C830C9325088F9 /* Pods-OneSignalNotificationServiceExtension.release.xcconfig */;
			buildSettings = {
				CLANG_ANALYZER_NONNULL = YES;
				CLANG_ANALYZER_NUMBER_OBJECT_CONVERSION = YES_AGGRESSIVE;
				CLANG_CXX_LANGUAGE_STANDARD = "gnu++17";
				CLANG_ENABLE_OBJC_WEAK = YES;
				CLANG_WARN_DOCUMENTATION_COMMENTS = YES;
				CLANG_WARN_UNGUARDED_AVAILABILITY = YES_AGGRESSIVE;
				CODE_SIGN_ENTITLEMENTS = OneSignalNotificationServiceExtension/OneSignalNotificationServiceExtension.entitlements;
				CODE_SIGN_STYLE = Automatic;
				COPY_PHASE_STRIP = NO;
				CURRENT_PROJECT_VERSION = 1;
				DEBUG_INFORMATION_FORMAT = "dwarf-with-dsym";
				DEVELOPMENT_TEAM = ATG98K5UYN;
				GCC_C_LANGUAGE_STANDARD = gnu11;
				GENERATE_INFOPLIST_FILE = YES;
				INFOPLIST_FILE = OneSignalNotificationServiceExtension/Info.plist;
				INFOPLIST_KEY_CFBundleDisplayName = OneSignalNotificationServiceExtension;
				INFOPLIST_KEY_NSHumanReadableCopyright = "";
				IPHONEOS_DEPLOYMENT_TARGET = 15.5;
				LD_RUNPATH_SEARCH_PATHS = (
					"$(inherited)",
					"@executable_path/Frameworks",
					"@executable_path/../../Frameworks",
				);
				MARKETING_VERSION = 1.0;
				MTL_FAST_MATH = YES;
				PRODUCT_BUNDLE_IDENTIFIER = app.trywhistle.whistle.OneSignalNotificationServiceExtension;
				PRODUCT_NAME = "$(TARGET_NAME)";
				SKIP_INSTALL = YES;
				SWIFT_COMPILATION_MODE = wholemodule;
				SWIFT_EMIT_LOC_STRINGS = YES;
				SWIFT_OPTIMIZATION_LEVEL = "-O";
				SWIFT_VERSION = 5.0;
				TARGETED_DEVICE_FAMILY = "1,2";
			};
			name = Release;
		};
		83CBBA201A601CBA00E9B192 /* Debug */ = {
			isa = XCBuildConfiguration;
			buildSettings = {
				ALWAYS_SEARCH_USER_PATHS = NO;
				CLANG_ANALYZER_LOCALIZABILITY_NONLOCALIZED = YES;
				CLANG_CXX_LANGUAGE_STANDARD = "c++17";
				CLANG_CXX_LIBRARY = "libc++";
				CLANG_ENABLE_MODULES = YES;
				CLANG_ENABLE_OBJC_ARC = YES;
				CLANG_WARN_BLOCK_CAPTURE_AUTORELEASING = YES;
				CLANG_WARN_BOOL_CONVERSION = YES;
				CLANG_WARN_COMMA = YES;
				CLANG_WARN_CONSTANT_CONVERSION = YES;
				CLANG_WARN_DEPRECATED_OBJC_IMPLEMENTATIONS = YES;
				CLANG_WARN_DIRECT_OBJC_ISA_USAGE = YES_ERROR;
				CLANG_WARN_EMPTY_BODY = YES;
				CLANG_WARN_ENUM_CONVERSION = YES;
				CLANG_WARN_INFINITE_RECURSION = YES;
				CLANG_WARN_INT_CONVERSION = YES;
				CLANG_WARN_NON_LITERAL_NULL_CONVERSION = YES;
				CLANG_WARN_OBJC_IMPLICIT_RETAIN_SELF = YES;
				CLANG_WARN_OBJC_LITERAL_CONVERSION = YES;
				CLANG_WARN_OBJC_ROOT_CLASS = YES_ERROR;
				CLANG_WARN_QUOTED_INCLUDE_IN_FRAMEWORK_HEADER = YES;
				CLANG_WARN_RANGE_LOOP_ANALYSIS = YES;
				CLANG_WARN_STRICT_PROTOTYPES = YES;
				CLANG_WARN_SUSPICIOUS_MOVE = YES;
				CLANG_WARN_UNREACHABLE_CODE = YES;
				CLANG_WARN__DUPLICATE_METHOD_MATCH = YES;
				"CODE_SIGN_IDENTITY[sdk=iphoneos*]" = "iPhone Developer";
				COPY_PHASE_STRIP = NO;
				ENABLE_STRICT_OBJC_MSGSEND = YES;
				ENABLE_TESTABILITY = YES;
				"EXCLUDED_ARCHS[sdk=iphonesimulator*]" = "";
				GCC_C_LANGUAGE_STANDARD = gnu99;
				GCC_DYNAMIC_NO_PIC = NO;
				GCC_NO_COMMON_BLOCKS = YES;
				GCC_OPTIMIZATION_LEVEL = 0;
				GCC_PREPROCESSOR_DEFINITIONS = (
					"DEBUG=1",
					"$(inherited)",
				);
				GCC_SYMBOLS_PRIVATE_EXTERN = NO;
				GCC_WARN_64_TO_32_BIT_CONVERSION = YES;
				GCC_WARN_ABOUT_RETURN_TYPE = YES_ERROR;
				GCC_WARN_UNDECLARED_SELECTOR = YES;
				GCC_WARN_UNINITIALIZED_AUTOS = YES_AGGRESSIVE;
				GCC_WARN_UNUSED_FUNCTION = YES;
				GCC_WARN_UNUSED_VARIABLE = YES;
				IPHONEOS_DEPLOYMENT_TARGET = 12.0;
				LD_RUNPATH_SEARCH_PATHS = (
					/usr/lib/swift,
					"$(inherited)",
				);
				LIBRARY_SEARCH_PATHS = (
					"\"$(SDKROOT)/usr/lib/swift\"",
					"\"$(TOOLCHAIN_DIR)/usr/lib/swift/$(PLATFORM_NAME)\"",
					"\"$(inherited)\"",
				);
				MTL_ENABLE_DEBUG_INFO = YES;
				ONLY_ACTIVE_ARCH = YES;
				OTHER_CPLUSPLUSFLAGS = (
					"$(OTHER_CFLAGS)",
					"-DFOLLY_NO_CONFIG",
					"-DFOLLY_MOBILE=1",
					"-DFOLLY_USE_LIBCPP=1",
				);
				SDKROOT = iphoneos;
			};
			name = Debug;
		};
		83CBBA211A601CBA00E9B192 /* Release */ = {
			isa = XCBuildConfiguration;
			buildSettings = {
				ALWAYS_SEARCH_USER_PATHS = NO;
				CLANG_ANALYZER_LOCALIZABILITY_NONLOCALIZED = YES;
				CLANG_CXX_LANGUAGE_STANDARD = "c++17";
				CLANG_CXX_LIBRARY = "libc++";
				CLANG_ENABLE_MODULES = YES;
				CLANG_ENABLE_OBJC_ARC = YES;
				CLANG_WARN_BLOCK_CAPTURE_AUTORELEASING = YES;
				CLANG_WARN_BOOL_CONVERSION = YES;
				CLANG_WARN_COMMA = YES;
				CLANG_WARN_CONSTANT_CONVERSION = YES;
				CLANG_WARN_DEPRECATED_OBJC_IMPLEMENTATIONS = YES;
				CLANG_WARN_DIRECT_OBJC_ISA_USAGE = YES_ERROR;
				CLANG_WARN_EMPTY_BODY = YES;
				CLANG_WARN_ENUM_CONVERSION = YES;
				CLANG_WARN_INFINITE_RECURSION = YES;
				CLANG_WARN_INT_CONVERSION = YES;
				CLANG_WARN_NON_LITERAL_NULL_CONVERSION = YES;
				CLANG_WARN_OBJC_IMPLICIT_RETAIN_SELF = YES;
				CLANG_WARN_OBJC_LITERAL_CONVERSION = YES;
				CLANG_WARN_OBJC_ROOT_CLASS = YES_ERROR;
				CLANG_WARN_QUOTED_INCLUDE_IN_FRAMEWORK_HEADER = YES;
				CLANG_WARN_RANGE_LOOP_ANALYSIS = YES;
				CLANG_WARN_STRICT_PROTOTYPES = YES;
				CLANG_WARN_SUSPICIOUS_MOVE = YES;
				CLANG_WARN_UNREACHABLE_CODE = YES;
				CLANG_WARN__DUPLICATE_METHOD_MATCH = YES;
				"CODE_SIGN_IDENTITY[sdk=iphoneos*]" = "iPhone Developer";
				COPY_PHASE_STRIP = YES;
				ENABLE_NS_ASSERTIONS = NO;
				ENABLE_STRICT_OBJC_MSGSEND = YES;
				"EXCLUDED_ARCHS[sdk=iphonesimulator*]" = "";
				GCC_C_LANGUAGE_STANDARD = gnu99;
				GCC_NO_COMMON_BLOCKS = YES;
				GCC_WARN_64_TO_32_BIT_CONVERSION = YES;
				GCC_WARN_ABOUT_RETURN_TYPE = YES_ERROR;
				GCC_WARN_UNDECLARED_SELECTOR = YES;
				GCC_WARN_UNINITIALIZED_AUTOS = YES_AGGRESSIVE;
				GCC_WARN_UNUSED_FUNCTION = YES;
				GCC_WARN_UNUSED_VARIABLE = YES;
				IPHONEOS_DEPLOYMENT_TARGET = 12.0;
				LD_RUNPATH_SEARCH_PATHS = (
					/usr/lib/swift,
					"$(inherited)",
				);
				LIBRARY_SEARCH_PATHS = (
					"\"$(SDKROOT)/usr/lib/swift\"",
					"\"$(TOOLCHAIN_DIR)/usr/lib/swift/$(PLATFORM_NAME)\"",
					"\"$(inherited)\"",
				);
				MTL_ENABLE_DEBUG_INFO = NO;
				OTHER_CPLUSPLUSFLAGS = (
					"$(OTHER_CFLAGS)",
					"-DFOLLY_NO_CONFIG",
					"-DFOLLY_MOBILE=1",
					"-DFOLLY_USE_LIBCPP=1",
				);
				SDKROOT = iphoneos;
				VALIDATE_PRODUCT = YES;
			};
			name = Release;
		};
/* End XCBuildConfiguration section */

/* Begin XCConfigurationList section */
		00E357021AD99517003FC87E /* Build configuration list for PBXNativeTarget "whistleappTests" */ = {
			isa = XCConfigurationList;
			buildConfigurations = (
				00E356F61AD99517003FC87E /* Debug */,
				00E356F71AD99517003FC87E /* Release */,
			);
			defaultConfigurationIsVisible = 0;
			defaultConfigurationName = Release;
		};
		13B07F931A680F5B00A75B9A /* Build configuration list for PBXNativeTarget "whistleapp" */ = {
			isa = XCConfigurationList;
			buildConfigurations = (
				13B07F941A680F5B00A75B9A /* Debug */,
				13B07F951A680F5B00A75B9A /* Release */,
			);
			defaultConfigurationIsVisible = 0;
			defaultConfigurationName = Release;
		};
		5D21239D288671D100034C56 /* Build configuration list for PBXNativeTarget "OneSignalNotificationServiceExtension" */ = {
			isa = XCConfigurationList;
			buildConfigurations = (
				5D21239E288671D100034C56 /* Debug */,
				5D21239F288671D100034C56 /* Release */,
			);
			defaultConfigurationIsVisible = 0;
			defaultConfigurationName = Release;
		};
		83CBB9FA1A601CBA00E9B192 /* Build configuration list for PBXProject "whistleapp" */ = {
			isa = XCConfigurationList;
			buildConfigurations = (
				83CBBA201A601CBA00E9B192 /* Debug */,
				83CBBA211A601CBA00E9B192 /* Release */,
			);
			defaultConfigurationIsVisible = 0;
			defaultConfigurationName = Release;
		};
/* End XCConfigurationList section */
	};
	rootObject = 83CBB9F71A601CBA00E9B192 /* Project object */;
}
